PODS:
  - SwiftyTimer (1.2.0)
  - Timepiece (0.4.2)
  - ZamzamKit (0.3.1):
    - SwiftyTimer
    - Timepiece

DEPENDENCIES:
  - ZamzamKit (from `../`)

EXTERNAL SOURCES:
  ZamzamKit:
    :path: ../

SPEC CHECKSUMS:
  SwiftyTimer: 5453593e0aaacfb1611fb6986d257281140913bb
  Timepiece: cf53bb908bf542acc0e3d5f69cabfed869df4ebd
  ZamzamKit: 0748d4f590dcaee7796d10522a118bdc55f03128

COCOAPODS: 0.39.0
