// !$*UTF8*$!
{
	archiveVersion = 1;
	classes = {
	};
	objectVersion = 46;
	objects = {

/* Begin PBXBuildFile section */
		8B1447F81C7258E500043657 /* ZamzamKit.h in Headers */ = {isa = PBXBuildFile; fileRef = 8B1447F71C7258E500043657 /* ZamzamKit.h */; settings = {ATTRIBUTES = (Public, ); }; };
		8B1447F91C7258E500043657 /* ZamzamKit.h in Headers */ = {isa = PBXBuildFile; fileRef = 8B1447F71C7258E500043657 /* ZamzamKit.h */; settings = {ATTRIBUTES = (Public, ); }; };
		8B1447FA1C7258E500043657 /* ZamzamKit.h in Headers */ = {isa = PBXBuildFile; fileRef = 8B1447F71C7258E500043657 /* ZamzamKit.h */; settings = {ATTRIBUTES = (Public, ); }; };
		8B1447FF1C7258F500043657 /* ZamzamConfig.swift in Sources */ = {isa = PBXBuildFile; fileRef = 8B1447811C722F5E00043657 /* ZamzamConfig.swift */; };
		8B1448001C7258F500043657 /* ZamzamConstants.swift in Sources */ = {isa = PBXBuildFile; fileRef = 8B1447821C722F5E00043657 /* ZamzamConstants.swift */; };
		8B1448021C7258F600043657 /* ZamzamConfig.swift in Sources */ = {isa = PBXBuildFile; fileRef = 8B1447811C722F5E00043657 /* ZamzamConfig.swift */; };
		8B1448031C7258F600043657 /* ZamzamConstants.swift in Sources */ = {isa = PBXBuildFile; fileRef = 8B1447821C722F5E00043657 /* ZamzamConstants.swift */; };
		8B1448051C7258F700043657 /* ZamzamConfig.swift in Sources */ = {isa = PBXBuildFile; fileRef = 8B1447811C722F5E00043657 /* ZamzamConfig.swift */; };
		8B1448061C7258F700043657 /* ZamzamConstants.swift in Sources */ = {isa = PBXBuildFile; fileRef = 8B1447821C722F5E00043657 /* ZamzamConstants.swift */; };
		8B2DE3E11C8A86B2008F1569 /* NSBundle.swift in Sources */ = {isa = PBXBuildFile; fileRef = 8B2DE3E01C8A86B2008F1569 /* NSBundle.swift */; };
		8B2DE3E21C8A86B2008F1569 /* NSBundle.swift in Sources */ = {isa = PBXBuildFile; fileRef = 8B2DE3E01C8A86B2008F1569 /* NSBundle.swift */; };
		8B2DE3E31C8A86B2008F1569 /* NSBundle.swift in Sources */ = {isa = PBXBuildFile; fileRef = 8B2DE3E01C8A86B2008F1569 /* NSBundle.swift */; };
		8B2DE3E41C8A86B2008F1569 /* NSBundle.swift in Sources */ = {isa = PBXBuildFile; fileRef = 8B2DE3E01C8A86B2008F1569 /* NSBundle.swift */; };
		8B2DE3E51C8A86B2008F1569 /* NSBundle.swift in Sources */ = {isa = PBXBuildFile; fileRef = 8B2DE3E01C8A86B2008F1569 /* NSBundle.swift */; };
		8B2DE3EC1C8A8F79008F1569 /* NSBundleTests.swift in Sources */ = {isa = PBXBuildFile; fileRef = 8B2DE3EB1C8A8F79008F1569 /* NSBundleTests.swift */; };
		8B2DE3EF1C8A90AF008F1569 /* Settings.bundle in Resources */ = {isa = PBXBuildFile; fileRef = 8B2DE3ED1C8A90AF008F1569 /* Settings.bundle */; };
		8B2DE3F01C8A90AF008F1569 /* Settings.plist in Resources */ = {isa = PBXBuildFile; fileRef = 8B2DE3EE1C8A90AF008F1569 /* Settings.plist */; };
		8B7A402A1C76245200A0077D /* CLLocationManager.swift in Sources */ = {isa = PBXBuildFile; fileRef = 8B7A40291C76245200A0077D /* CLLocationManager.swift */; };
		8B7A402B1C76245200A0077D /* CLLocationManager.swift in Sources */ = {isa = PBXBuildFile; fileRef = 8B7A40291C76245200A0077D /* CLLocationManager.swift */; };
		8B7A402C1C76245200A0077D /* CLLocationManager.swift in Sources */ = {isa = PBXBuildFile; fileRef = 8B7A40291C76245200A0077D /* CLLocationManager.swift */; };
		8B7A402D1C76245200A0077D /* CLLocationManager.swift in Sources */ = {isa = PBXBuildFile; fileRef = 8B7A40291C76245200A0077D /* CLLocationManager.swift */; };
		8B7A402E1C76245200A0077D /* CLLocationManager.swift in Sources */ = {isa = PBXBuildFile; fileRef = 8B7A40291C76245200A0077D /* CLLocationManager.swift */; };
		8B840E601C904F1D00D85781 /* ViewControllerLocatable.swift in Sources */ = {isa = PBXBuildFile; fileRef = 8B840E5F1C904F1D00D85781 /* ViewControllerLocatable.swift */; };
		8B840E611C904F1D00D85781 /* ViewControllerLocatable.swift in Sources */ = {isa = PBXBuildFile; fileRef = 8B840E5F1C904F1D00D85781 /* ViewControllerLocatable.swift */; };
		8B840E621C904F1D00D85781 /* ViewControllerLocatable.swift in Sources */ = {isa = PBXBuildFile; fileRef = 8B840E5F1C904F1D00D85781 /* ViewControllerLocatable.swift */; };
		8B840E631C904F1D00D85781 /* ViewControllerLocatable.swift in Sources */ = {isa = PBXBuildFile; fileRef = 8B840E5F1C904F1D00D85781 /* ViewControllerLocatable.swift */; };
		8B840E641C904F1D00D85781 /* ViewControllerLocatable.swift in Sources */ = {isa = PBXBuildFile; fileRef = 8B840E5F1C904F1D00D85781 /* ViewControllerLocatable.swift */; };
		8BD5086B1C99DD1E00AE205E /* Array.swift in Sources */ = {isa = PBXBuildFile; fileRef = 8BD5086A1C99DD1E00AE205E /* Array.swift */; };
		8BD5086C1C99DD1E00AE205E /* Array.swift in Sources */ = {isa = PBXBuildFile; fileRef = 8BD5086A1C99DD1E00AE205E /* Array.swift */; };
		8BD5086D1C99DD1E00AE205E /* Array.swift in Sources */ = {isa = PBXBuildFile; fileRef = 8BD5086A1C99DD1E00AE205E /* Array.swift */; };
		8BD5086E1C99DD1E00AE205E /* Array.swift in Sources */ = {isa = PBXBuildFile; fileRef = 8BD5086A1C99DD1E00AE205E /* Array.swift */; };
		8BD5086F1C99DD1E00AE205E /* Array.swift in Sources */ = {isa = PBXBuildFile; fileRef = 8BD5086A1C99DD1E00AE205E /* Array.swift */; };
		8BD508761C99E18500AE205E /* CollectionType.swift in Sources */ = {isa = PBXBuildFile; fileRef = 8BD508751C99E18500AE205E /* CollectionType.swift */; };
		8BD508771C99E18500AE205E /* CollectionType.swift in Sources */ = {isa = PBXBuildFile; fileRef = 8BD508751C99E18500AE205E /* CollectionType.swift */; };
		8BD508781C99E18500AE205E /* CollectionType.swift in Sources */ = {isa = PBXBuildFile; fileRef = 8BD508751C99E18500AE205E /* CollectionType.swift */; };
		8BD508791C99E18500AE205E /* CollectionType.swift in Sources */ = {isa = PBXBuildFile; fileRef = 8BD508751C99E18500AE205E /* CollectionType.swift */; };
		8BD5087A1C99E18500AE205E /* CollectionType.swift in Sources */ = {isa = PBXBuildFile; fileRef = 8BD508751C99E18500AE205E /* CollectionType.swift */; };
		8BE19B0D1C72D6DF00D4D437 /* ZamzamKit.framework in Frameworks */ = {isa = PBXBuildFile; fileRef = 8B1447C81C72577900043657 /* ZamzamKit.framework */; };
		8BE19B1A1C72D6F200D4D437 /* ZamzamKit_tvOSTests.swift in Sources */ = {isa = PBXBuildFile; fileRef = 8BE19B191C72D6F200D4D437 /* ZamzamKit_tvOSTests.swift */; };
		8BE19B1C1C72D6F200D4D437 /* ZamzamKit.framework in Frameworks */ = {isa = PBXBuildFile; fileRef = 8B1447E21C7257F100043657 /* ZamzamKit.framework */; };
		8BE19B2A1C72D71F00D4D437 /* FileTests.swift in Sources */ = {isa = PBXBuildFile; fileRef = 8BE19B231C72D71F00D4D437 /* FileTests.swift */; };
		8BE19B2C1C72D71F00D4D437 /* StorageTests.swift in Sources */ = {isa = PBXBuildFile; fileRef = 8BE19B251C72D71F00D4D437 /* StorageTests.swift */; };
		8BE19B2D1C72D71F00D4D437 /* DateTimeTests.swift in Sources */ = {isa = PBXBuildFile; fileRef = 8BE19B271C72D71F00D4D437 /* DateTimeTests.swift */; };
		8BE19B2E1C72D71F00D4D437 /* StringTests.swift in Sources */ = {isa = PBXBuildFile; fileRef = 8BE19B281C72D71F00D4D437 /* StringTests.swift */; };
		8BE19B2F1C72D71F00D4D437 /* WebTests.swift in Sources */ = {isa = PBXBuildFile; fileRef = 8BE19B291C72D71F00D4D437 /* WebTests.swift */; };
		8BE19B3A1C72D83A00D4D437 /* ZamzamConfig.swift in Sources */ = {isa = PBXBuildFile; fileRef = 8B1447811C722F5E00043657 /* ZamzamConfig.swift */; };
		8BE19B3B1C72D83A00D4D437 /* ZamzamConstants.swift in Sources */ = {isa = PBXBuildFile; fileRef = 8B1447821C722F5E00043657 /* ZamzamConstants.swift */; };
		8BE19B471C72D83B00D4D437 /* ZamzamConfig.swift in Sources */ = {isa = PBXBuildFile; fileRef = 8B1447811C722F5E00043657 /* ZamzamConfig.swift */; };
		8BE19B481C72D83B00D4D437 /* ZamzamConstants.swift in Sources */ = {isa = PBXBuildFile; fileRef = 8B1447821C722F5E00043657 /* ZamzamConstants.swift */; };
		8BE19B6A1C72D90600D4D437 /* Timepiece.framework in Frameworks */ = {isa = PBXBuildFile; fileRef = 8BE19B611C72D8FF00D4D437 /* Timepiece.framework */; };
		8BE814F51C784233005F23CE /* UIColor.swift in Sources */ = {isa = PBXBuildFile; fileRef = 8BE814F41C784233005F23CE /* UIColor.swift */; };
		8BE814F61C784233005F23CE /* UIColor.swift in Sources */ = {isa = PBXBuildFile; fileRef = 8BE814F41C784233005F23CE /* UIColor.swift */; };
		8BE814FD1C7842DC005F23CE /* SequenceType.swift in Sources */ = {isa = PBXBuildFile; fileRef = 8BE814FC1C7842DC005F23CE /* SequenceType.swift */; };
		8BE814FE1C7842DC005F23CE /* SequenceType.swift in Sources */ = {isa = PBXBuildFile; fileRef = 8BE814FC1C7842DC005F23CE /* SequenceType.swift */; };
		8BE814FF1C7842DC005F23CE /* SequenceType.swift in Sources */ = {isa = PBXBuildFile; fileRef = 8BE814FC1C7842DC005F23CE /* SequenceType.swift */; };
		8BE815001C7842DC005F23CE /* SequenceType.swift in Sources */ = {isa = PBXBuildFile; fileRef = 8BE814FC1C7842DC005F23CE /* SequenceType.swift */; };
		8BE815011C7842DC005F23CE /* SequenceType.swift in Sources */ = {isa = PBXBuildFile; fileRef = 8BE814FC1C7842DC005F23CE /* SequenceType.swift */; };
		8BFDB6571C75187200C94996 /* NSDate.swift in Sources */ = {isa = PBXBuildFile; fileRef = 8BFDB6561C75187200C94996 /* NSDate.swift */; };
		8BFDB6581C75187200C94996 /* NSDate.swift in Sources */ = {isa = PBXBuildFile; fileRef = 8BFDB6561C75187200C94996 /* NSDate.swift */; };
		8BFDB6591C75187200C94996 /* NSDate.swift in Sources */ = {isa = PBXBuildFile; fileRef = 8BFDB6561C75187200C94996 /* NSDate.swift */; };
		8BFDB65A1C75187200C94996 /* NSDate.swift in Sources */ = {isa = PBXBuildFile; fileRef = 8BFDB6561C75187200C94996 /* NSDate.swift */; };
		8BFDB65B1C75187200C94996 /* NSDate.swift in Sources */ = {isa = PBXBuildFile; fileRef = 8BFDB6561C75187200C94996 /* NSDate.swift */; };
		8BFDB65E1C7518F800C94996 /* String.swift in Sources */ = {isa = PBXBuildFile; fileRef = 8BFDB65D1C7518F800C94996 /* String.swift */; };
		8BFDB65F1C7518F800C94996 /* String.swift in Sources */ = {isa = PBXBuildFile; fileRef = 8BFDB65D1C7518F800C94996 /* String.swift */; };
		8BFDB6601C7518F800C94996 /* String.swift in Sources */ = {isa = PBXBuildFile; fileRef = 8BFDB65D1C7518F800C94996 /* String.swift */; };
		8BFDB6611C7518F800C94996 /* String.swift in Sources */ = {isa = PBXBuildFile; fileRef = 8BFDB65D1C7518F800C94996 /* String.swift */; };
		8BFDB6621C7518F800C94996 /* String.swift in Sources */ = {isa = PBXBuildFile; fileRef = 8BFDB65D1C7518F800C94996 /* String.swift */; };
		8BFDB6641C751AE600C94996 /* NSURLComponents.swift in Sources */ = {isa = PBXBuildFile; fileRef = 8BFDB6631C751AE600C94996 /* NSURLComponents.swift */; };
		8BFDB6651C751AE600C94996 /* NSURLComponents.swift in Sources */ = {isa = PBXBuildFile; fileRef = 8BFDB6631C751AE600C94996 /* NSURLComponents.swift */; };
		8BFDB6661C751AE600C94996 /* NSURLComponents.swift in Sources */ = {isa = PBXBuildFile; fileRef = 8BFDB6631C751AE600C94996 /* NSURLComponents.swift */; };
		8BFDB6671C751AE600C94996 /* NSURLComponents.swift in Sources */ = {isa = PBXBuildFile; fileRef = 8BFDB6631C751AE600C94996 /* NSURLComponents.swift */; };
		8BFDB6681C751AE600C94996 /* NSURLComponents.swift in Sources */ = {isa = PBXBuildFile; fileRef = 8BFDB6631C751AE600C94996 /* NSURLComponents.swift */; };
		8BFDB66A1C751D3400C94996 /* UIViewController.swift in Sources */ = {isa = PBXBuildFile; fileRef = 8BFDB6691C751D3400C94996 /* UIViewController.swift */; };
		8BFDB66D1C751D3400C94996 /* UIViewController.swift in Sources */ = {isa = PBXBuildFile; fileRef = 8BFDB6691C751D3400C94996 /* UIViewController.swift */; };
		8BFDB6701C751DF600C94996 /* UIImageView.swift in Sources */ = {isa = PBXBuildFile; fileRef = 8BFDB66F1C751DF600C94996 /* UIImageView.swift */; };
		8BFDB6711C751DF600C94996 /* UIImageView.swift in Sources */ = {isa = PBXBuildFile; fileRef = 8BFDB66F1C751DF600C94996 /* UIImageView.swift */; };
		8BFDB6731C751E4F00C94996 /* WKInterfaceGroup.swift in Sources */ = {isa = PBXBuildFile; fileRef = 8BFDB6721C751E4F00C94996 /* WKInterfaceGroup.swift */; };
		8BFDB6771C751F2300C94996 /* NSFileManager.swift in Sources */ = {isa = PBXBuildFile; fileRef = 8BFDB6761C751F2300C94996 /* NSFileManager.swift */; };
		8BFDB6781C751F2300C94996 /* NSFileManager.swift in Sources */ = {isa = PBXBuildFile; fileRef = 8BFDB6761C751F2300C94996 /* NSFileManager.swift */; };
		8BFDB6791C751F2300C94996 /* NSFileManager.swift in Sources */ = {isa = PBXBuildFile; fileRef = 8BFDB6761C751F2300C94996 /* NSFileManager.swift */; };
		8BFDB67A1C751F2300C94996 /* NSFileManager.swift in Sources */ = {isa = PBXBuildFile; fileRef = 8BFDB6761C751F2300C94996 /* NSFileManager.swift */; };
		8BFDB67B1C751F2300C94996 /* NSFileManager.swift in Sources */ = {isa = PBXBuildFile; fileRef = 8BFDB6761C751F2300C94996 /* NSFileManager.swift */; };
		8BFDB67D1C7525BD00C94996 /* CLLocation.swift in Sources */ = {isa = PBXBuildFile; fileRef = 8BFDB67C1C7525BD00C94996 /* CLLocation.swift */; };
		8BFDB67E1C7525BD00C94996 /* CLLocation.swift in Sources */ = {isa = PBXBuildFile; fileRef = 8BFDB67C1C7525BD00C94996 /* CLLocation.swift */; };
		8BFDB67F1C7525BD00C94996 /* CLLocation.swift in Sources */ = {isa = PBXBuildFile; fileRef = 8BFDB67C1C7525BD00C94996 /* CLLocation.swift */; };
		8BFDB6801C7525BD00C94996 /* CLLocation.swift in Sources */ = {isa = PBXBuildFile; fileRef = 8BFDB67C1C7525BD00C94996 /* CLLocation.swift */; };
		8BFDB6811C7525BD00C94996 /* CLLocation.swift in Sources */ = {isa = PBXBuildFile; fileRef = 8BFDB67C1C7525BD00C94996 /* CLLocation.swift */; };
		8BFDB6891C7529AB00C94996 /* UILocalNotification.swift in Sources */ = {isa = PBXBuildFile; fileRef = 8BFDB6881C7529AB00C94996 /* UILocalNotification.swift */; };
		8BFDB68A1C7529AB00C94996 /* UILocalNotification.swift in Sources */ = {isa = PBXBuildFile; fileRef = 8BFDB6881C7529AB00C94996 /* UILocalNotification.swift */; };
		8BFDB68C1C752C5C00C94996 /* UIApplication.swift in Sources */ = {isa = PBXBuildFile; fileRef = 8BFDB68B1C752C5C00C94996 /* UIApplication.swift */; };
		8BFDB68D1C752C5C00C94996 /* UIApplication.swift in Sources */ = {isa = PBXBuildFile; fileRef = 8BFDB68B1C752C5C00C94996 /* UIApplication.swift */; };
		8BFDB68F1C75323900C94996 /* NSDateFormatter.swift in Sources */ = {isa = PBXBuildFile; fileRef = 8BFDB68E1C75323900C94996 /* NSDateFormatter.swift */; };
		8BFDB6901C75323900C94996 /* NSDateFormatter.swift in Sources */ = {isa = PBXBuildFile; fileRef = 8BFDB68E1C75323900C94996 /* NSDateFormatter.swift */; };
		8BFDB6911C75323900C94996 /* NSDateFormatter.swift in Sources */ = {isa = PBXBuildFile; fileRef = 8BFDB68E1C75323900C94996 /* NSDateFormatter.swift */; };
		8BFDB6921C75323900C94996 /* NSDateFormatter.swift in Sources */ = {isa = PBXBuildFile; fileRef = 8BFDB68E1C75323900C94996 /* NSDateFormatter.swift */; };
		8BFDB6931C75323900C94996 /* NSDateFormatter.swift in Sources */ = {isa = PBXBuildFile; fileRef = 8BFDB68E1C75323900C94996 /* NSDateFormatter.swift */; };
		8BFDB69D1C755A5300C94996 /* LocationTests.swift in Sources */ = {isa = PBXBuildFile; fileRef = 8BFDB69C1C755A5300C94996 /* LocationTests.swift */; };
		8BFDB6A01C75B4A600C94996 /* LocationMeta.swift in Sources */ = {isa = PBXBuildFile; fileRef = 8BFDB69F1C75B4A600C94996 /* LocationMeta.swift */; };
		8BFDB6A11C75B4A600C94996 /* LocationMeta.swift in Sources */ = {isa = PBXBuildFile; fileRef = 8BFDB69F1C75B4A600C94996 /* LocationMeta.swift */; };
		8BFDB6A21C75B4A600C94996 /* LocationMeta.swift in Sources */ = {isa = PBXBuildFile; fileRef = 8BFDB69F1C75B4A600C94996 /* LocationMeta.swift */; };
		8BFDB6A31C75B4A600C94996 /* LocationMeta.swift in Sources */ = {isa = PBXBuildFile; fileRef = 8BFDB69F1C75B4A600C94996 /* LocationMeta.swift */; };
		8BFDB6A41C75B4A600C94996 /* LocationMeta.swift in Sources */ = {isa = PBXBuildFile; fileRef = 8BFDB69F1C75B4A600C94996 /* LocationMeta.swift */; };
/* End PBXBuildFile section */

/* Begin PBXContainerItemProxy section */
		8BE19B0E1C72D6DF00D4D437 /* PBXContainerItemProxy */ = {
			isa = PBXContainerItemProxy;
			containerPortal = 8B1447461C72237E00043657 /* Project object */;
			proxyType = 1;
			remoteGlobalIDString = 8B1447C71C72577900043657;
			remoteInfo = "ZamzamKit iOS";
		};
		8BE19B1D1C72D6F200D4D437 /* PBXContainerItemProxy */ = {
			isa = PBXContainerItemProxy;
			containerPortal = 8B1447461C72237E00043657 /* Project object */;
			proxyType = 1;
			remoteGlobalIDString = 8B1447E11C7257F100043657;
			remoteInfo = "ZamzamKit tvOS";
		};
		8BE19B601C72D8FF00D4D437 /* PBXContainerItemProxy */ = {
			isa = PBXContainerItemProxy;
			containerPortal = 8BE19B581C72D8FF00D4D437 /* Timepiece.xcodeproj */;
			proxyType = 2;
			remoteGlobalIDString = 3DC6180F199E1F8400FB7AAC;
			remoteInfo = "Timepiece iOS";
		};
		8BE19B621C72D8FF00D4D437 /* PBXContainerItemProxy */ = {
			isa = PBXContainerItemProxy;
			containerPortal = 8BE19B581C72D8FF00D4D437 /* Timepiece.xcodeproj */;
			proxyType = 2;
			remoteGlobalIDString = 3DE7CFB01B27126F00E0F331;
			remoteInfo = "Timepiece OSX";
		};
		8BE19B641C72D8FF00D4D437 /* PBXContainerItemProxy */ = {
			isa = PBXContainerItemProxy;
			containerPortal = 8BE19B581C72D8FF00D4D437 /* Timepiece.xcodeproj */;
			proxyType = 2;
			remoteGlobalIDString = 8015E2121BB9B41400545DF5;
			remoteInfo = "Timepiece watchOS";
		};
		8BE19B661C72D8FF00D4D437 /* PBXContainerItemProxy */ = {
			isa = PBXContainerItemProxy;
			containerPortal = 8BE19B581C72D8FF00D4D437 /* Timepiece.xcodeproj */;
			proxyType = 2;
			remoteGlobalIDString = 3DC6181A199E1F8400FB7AAC;
			remoteInfo = "Timepiece iOS Tests";
		};
		8BE19B681C72D8FF00D4D437 /* PBXContainerItemProxy */ = {
			isa = PBXContainerItemProxy;
			containerPortal = 8BE19B581C72D8FF00D4D437 /* Timepiece.xcodeproj */;
			proxyType = 2;
			remoteGlobalIDString = 3DE7CFBA1B27126F00E0F331;
			remoteInfo = "Timepiece OSX Tests";
		};
/* End PBXContainerItemProxy section */

/* Begin PBXFileReference section */
		8B14476B1C722D5700043657 /* ZamzamKit.podspec */ = {isa = PBXFileReference; fileEncoding = 4; lastKnownFileType = text; path = ZamzamKit.podspec; sourceTree = "<group>"; };
		8B14476C1C722D5700043657 /* LICENSE */ = {isa = PBXFileReference; fileEncoding = 4; lastKnownFileType = text; path = LICENSE; sourceTree = "<group>"; };
		8B14476D1C722D5700043657 /* README.md */ = {isa = PBXFileReference; fileEncoding = 4; lastKnownFileType = net.daringfireball.markdown; path = README.md; sourceTree = "<group>"; };
		8B1447811C722F5E00043657 /* ZamzamConfig.swift */ = {isa = PBXFileReference; fileEncoding = 4; lastKnownFileType = sourcecode.swift; path = ZamzamConfig.swift; sourceTree = "<group>"; };
		8B1447821C722F5E00043657 /* ZamzamConstants.swift */ = {isa = PBXFileReference; fileEncoding = 4; lastKnownFileType = sourcecode.swift; path = ZamzamConstants.swift; sourceTree = "<group>"; };
		8B1447AB1C72508400043657 /* Cartfile */ = {isa = PBXFileReference; fileEncoding = 4; lastKnownFileType = text; path = Cartfile; sourceTree = "<group>"; };
		8B1447AD1C7250EF00043657 /* Cartfile.private */ = {isa = PBXFileReference; fileEncoding = 4; lastKnownFileType = text; path = Cartfile.private; sourceTree = "<group>"; };
		8B1447B31C72539600043657 /* Timepiece.framework */ = {isa = PBXFileReference; lastKnownFileType = wrapper.framework; name = Timepiece.framework; path = "Carthage/Checkouts/Timepiece/build/Debug-iphoneos/Timepiece.framework"; sourceTree = "<group>"; };
		8B1447C81C72577900043657 /* ZamzamKit.framework */ = {isa = PBXFileReference; explicitFileType = wrapper.framework; includeInIndex = 0; path = ZamzamKit.framework; sourceTree = BUILT_PRODUCTS_DIR; };
		8B1447D51C7257D600043657 /* ZamzamKit.framework */ = {isa = PBXFileReference; explicitFileType = wrapper.framework; includeInIndex = 0; path = ZamzamKit.framework; sourceTree = BUILT_PRODUCTS_DIR; };
		8B1447E21C7257F100043657 /* ZamzamKit.framework */ = {isa = PBXFileReference; explicitFileType = wrapper.framework; includeInIndex = 0; path = ZamzamKit.framework; sourceTree = BUILT_PRODUCTS_DIR; };
		8B1447F71C7258E500043657 /* ZamzamKit.h */ = {isa = PBXFileReference; fileEncoding = 4; lastKnownFileType = sourcecode.c.h; path = ZamzamKit.h; sourceTree = "<group>"; };
		8B1448411C725BFE00043657 /* Info-iOS.plist */ = {isa = PBXFileReference; lastKnownFileType = text.plist.xml; path = "Info-iOS.plist"; sourceTree = "<group>"; };
		8B1448431C725BFE00043657 /* Info-tvOS.plist */ = {isa = PBXFileReference; lastKnownFileType = text.plist.xml; path = "Info-tvOS.plist"; sourceTree = "<group>"; };
		8B1448441C725BFE00043657 /* Info-watchOS.plist */ = {isa = PBXFileReference; lastKnownFileType = text.plist.xml; path = "Info-watchOS.plist"; sourceTree = "<group>"; };
		8B2DE3E01C8A86B2008F1569 /* NSBundle.swift */ = {isa = PBXFileReference; fileEncoding = 4; lastKnownFileType = sourcecode.swift; name = NSBundle.swift; path = Extensions/NSBundle.swift; sourceTree = "<group>"; };
		8B2DE3EB1C8A8F79008F1569 /* NSBundleTests.swift */ = {isa = PBXFileReference; fileEncoding = 4; lastKnownFileType = sourcecode.swift; path = NSBundleTests.swift; sourceTree = "<group>"; };
		8B2DE3ED1C8A90AF008F1569 /* Settings.bundle */ = {isa = PBXFileReference; lastKnownFileType = "wrapper.plug-in"; path = Settings.bundle; sourceTree = "<group>"; };
		8B2DE3EE1C8A90AF008F1569 /* Settings.plist */ = {isa = PBXFileReference; fileEncoding = 4; lastKnownFileType = text.plist.xml; path = Settings.plist; sourceTree = "<group>"; };
		8B7A40291C76245200A0077D /* CLLocationManager.swift */ = {isa = PBXFileReference; fileEncoding = 4; lastKnownFileType = sourcecode.swift; name = CLLocationManager.swift; path = Extensions/CLLocationManager.swift; sourceTree = "<group>"; };
		8B840E5F1C904F1D00D85781 /* ViewControllerLocatable.swift */ = {isa = PBXFileReference; fileEncoding = 4; lastKnownFileType = sourcecode.swift; path = ViewControllerLocatable.swift; sourceTree = "<group>"; };
		8BD5086A1C99DD1E00AE205E /* Array.swift */ = {isa = PBXFileReference; fileEncoding = 4; lastKnownFileType = sourcecode.swift; name = Array.swift; path = Extensions/Array.swift; sourceTree = "<group>"; };
		8BD508751C99E18500AE205E /* CollectionType.swift */ = {isa = PBXFileReference; fileEncoding = 4; lastKnownFileType = sourcecode.swift; name = CollectionType.swift; path = Extensions/CollectionType.swift; sourceTree = "<group>"; };
		8BE19B081C72D6DF00D4D437 /* ZamzamKit iOSTests.xctest */ = {isa = PBXFileReference; explicitFileType = wrapper.cfbundle; includeInIndex = 0; path = "ZamzamKit iOSTests.xctest"; sourceTree = BUILT_PRODUCTS_DIR; };
		8BE19B0C1C72D6DF00D4D437 /* Info.plist */ = {isa = PBXFileReference; lastKnownFileType = text.plist.xml; path = Info.plist; sourceTree = "<group>"; };
		8BE19B171C72D6F200D4D437 /* ZamzamKit tvOSTests.xctest */ = {isa = PBXFileReference; explicitFileType = wrapper.cfbundle; includeInIndex = 0; path = "ZamzamKit tvOSTests.xctest"; sourceTree = BUILT_PRODUCTS_DIR; };
		8BE19B191C72D6F200D4D437 /* ZamzamKit_tvOSTests.swift */ = {isa = PBXFileReference; lastKnownFileType = sourcecode.swift; path = ZamzamKit_tvOSTests.swift; sourceTree = "<group>"; };
		8BE19B1B1C72D6F200D4D437 /* Info.plist */ = {isa = PBXFileReference; lastKnownFileType = text.plist.xml; path = Info.plist; sourceTree = "<group>"; };
		8BE19B231C72D71F00D4D437 /* FileTests.swift */ = {isa = PBXFileReference; fileEncoding = 4; lastKnownFileType = sourcecode.swift; path = FileTests.swift; sourceTree = "<group>"; };
		8BE19B251C72D71F00D4D437 /* StorageTests.swift */ = {isa = PBXFileReference; fileEncoding = 4; lastKnownFileType = sourcecode.swift; path = StorageTests.swift; sourceTree = "<group>"; };
		8BE19B271C72D71F00D4D437 /* DateTimeTests.swift */ = {isa = PBXFileReference; fileEncoding = 4; lastKnownFileType = sourcecode.swift; path = DateTimeTests.swift; sourceTree = "<group>"; };
		8BE19B281C72D71F00D4D437 /* StringTests.swift */ = {isa = PBXFileReference; fileEncoding = 4; lastKnownFileType = sourcecode.swift; path = StringTests.swift; sourceTree = "<group>"; };
		8BE19B291C72D71F00D4D437 /* WebTests.swift */ = {isa = PBXFileReference; fileEncoding = 4; lastKnownFileType = sourcecode.swift; path = WebTests.swift; sourceTree = "<group>"; };
		8BE19B581C72D8FF00D4D437 /* Timepiece.xcodeproj */ = {isa = PBXFileReference; lastKnownFileType = "wrapper.pb-project"; name = Timepiece.xcodeproj; path = Carthage/Checkouts/Timepiece/Timepiece.xcodeproj; sourceTree = "<group>"; };
		8BE814F41C784233005F23CE /* UIColor.swift */ = {isa = PBXFileReference; fileEncoding = 4; lastKnownFileType = sourcecode.swift; name = UIColor.swift; path = Extensions/UIColor.swift; sourceTree = "<group>"; };
		8BE814FC1C7842DC005F23CE /* SequenceType.swift */ = {isa = PBXFileReference; fileEncoding = 4; lastKnownFileType = sourcecode.swift; name = SequenceType.swift; path = Extensions/SequenceType.swift; sourceTree = "<group>"; };
		8BFDB6561C75187200C94996 /* NSDate.swift */ = {isa = PBXFileReference; fileEncoding = 4; lastKnownFileType = sourcecode.swift; name = NSDate.swift; path = Extensions/NSDate.swift; sourceTree = "<group>"; };
		8BFDB65D1C7518F800C94996 /* String.swift */ = {isa = PBXFileReference; fileEncoding = 4; lastKnownFileType = sourcecode.swift; name = String.swift; path = Extensions/String.swift; sourceTree = "<group>"; };
		8BFDB6631C751AE600C94996 /* NSURLComponents.swift */ = {isa = PBXFileReference; fileEncoding = 4; lastKnownFileType = sourcecode.swift; name = NSURLComponents.swift; path = Extensions/NSURLComponents.swift; sourceTree = "<group>"; };
		8BFDB6691C751D3400C94996 /* UIViewController.swift */ = {isa = PBXFileReference; fileEncoding = 4; lastKnownFileType = sourcecode.swift; name = UIViewController.swift; path = Extensions/UIViewController.swift; sourceTree = "<group>"; };
		8BFDB66F1C751DF600C94996 /* UIImageView.swift */ = {isa = PBXFileReference; fileEncoding = 4; lastKnownFileType = sourcecode.swift; name = UIImageView.swift; path = Extensions/UIImageView.swift; sourceTree = "<group>"; };
		8BFDB6721C751E4F00C94996 /* WKInterfaceGroup.swift */ = {isa = PBXFileReference; fileEncoding = 4; lastKnownFileType = sourcecode.swift; name = WKInterfaceGroup.swift; path = Extensions/WKInterfaceGroup.swift; sourceTree = "<group>"; };
		8BFDB6761C751F2300C94996 /* NSFileManager.swift */ = {isa = PBXFileReference; fileEncoding = 4; lastKnownFileType = sourcecode.swift; name = NSFileManager.swift; path = Extensions/NSFileManager.swift; sourceTree = "<group>"; };
		8BFDB67C1C7525BD00C94996 /* CLLocation.swift */ = {isa = PBXFileReference; fileEncoding = 4; lastKnownFileType = sourcecode.swift; name = CLLocation.swift; path = Extensions/CLLocation.swift; sourceTree = "<group>"; };
		8BFDB6881C7529AB00C94996 /* UILocalNotification.swift */ = {isa = PBXFileReference; fileEncoding = 4; lastKnownFileType = sourcecode.swift; name = UILocalNotification.swift; path = Extensions/UILocalNotification.swift; sourceTree = "<group>"; };
		8BFDB68B1C752C5C00C94996 /* UIApplication.swift */ = {isa = PBXFileReference; fileEncoding = 4; lastKnownFileType = sourcecode.swift; name = UIApplication.swift; path = Extensions/UIApplication.swift; sourceTree = "<group>"; };
		8BFDB68E1C75323900C94996 /* NSDateFormatter.swift */ = {isa = PBXFileReference; fileEncoding = 4; lastKnownFileType = sourcecode.swift; name = NSDateFormatter.swift; path = Extensions/NSDateFormatter.swift; sourceTree = "<group>"; };
		8BFDB69C1C755A5300C94996 /* LocationTests.swift */ = {isa = PBXFileReference; fileEncoding = 4; lastKnownFileType = sourcecode.swift; path = LocationTests.swift; sourceTree = "<group>"; };
		8BFDB69E1C75B16900C94996 /* ZamzamKit.playground */ = {isa = PBXFileReference; lastKnownFileType = file.playground; path = ZamzamKit.playground; sourceTree = "<group>"; };
		8BFDB69F1C75B4A600C94996 /* LocationMeta.swift */ = {isa = PBXFileReference; fileEncoding = 4; lastKnownFileType = sourcecode.swift; name = LocationMeta.swift; path = Models/LocationMeta.swift; sourceTree = "<group>"; };
/* End PBXFileReference section */

/* Begin PBXFrameworksBuildPhase section */
		8B1447C41C72577900043657 /* Frameworks */ = {
			isa = PBXFrameworksBuildPhase;
			buildActionMask = 2147483647;
			files = (
			);
			runOnlyForDeploymentPostprocessing = 0;
		};
		8B1447D11C7257D600043657 /* Frameworks */ = {
			isa = PBXFrameworksBuildPhase;
			buildActionMask = 2147483647;
			files = (
			);
			runOnlyForDeploymentPostprocessing = 0;
		};
		8B1447DE1C7257F100043657 /* Frameworks */ = {
			isa = PBXFrameworksBuildPhase;
			buildActionMask = 2147483647;
			files = (
			);
			runOnlyForDeploymentPostprocessing = 0;
		};
		8BE19B051C72D6DF00D4D437 /* Frameworks */ = {
			isa = PBXFrameworksBuildPhase;
			buildActionMask = 2147483647;
			files = (
				8BE19B6A1C72D90600D4D437 /* Timepiece.framework in Frameworks */,
				8BE19B0D1C72D6DF00D4D437 /* ZamzamKit.framework in Frameworks */,
			);
			runOnlyForDeploymentPostprocessing = 0;
		};
		8BE19B141C72D6F200D4D437 /* Frameworks */ = {
			isa = PBXFrameworksBuildPhase;
			buildActionMask = 2147483647;
			files = (
				8BE19B1C1C72D6F200D4D437 /* ZamzamKit.framework in Frameworks */,
			);
			runOnlyForDeploymentPostprocessing = 0;
		};
/* End PBXFrameworksBuildPhase section */

/* Begin PBXGroup section */
		8B1447451C72237E00043657 = {
			isa = PBXGroup;
			children = (
				8B14476A1C722D3900043657 /* Metadata */,
				8B1447511C72237E00043657 /* Sources */,
				8BE19B091C72D6DF00D4D437 /* ZamzamKit iOSTests */,
				8BE19B181C72D6F200D4D437 /* ZamzamKit tvOSTests */,
				8B1447501C72237E00043657 /* Products */,
				8B1447B51C7253B100043657 /* Frameworks */,
			);
			sourceTree = "<group>";
		};
		8B1447501C72237E00043657 /* Products */ = {
			isa = PBXGroup;
			children = (
				8B1447C81C72577900043657 /* ZamzamKit.framework */,
				8B1447D51C7257D600043657 /* ZamzamKit.framework */,
				8B1447E21C7257F100043657 /* ZamzamKit.framework */,
				8BE19B081C72D6DF00D4D437 /* ZamzamKit iOSTests.xctest */,
				8BE19B171C72D6F200D4D437 /* ZamzamKit tvOSTests.xctest */,
			);
			name = Products;
			sourceTree = "<group>";
		};
		8B1447511C72237E00043657 /* Sources */ = {
			isa = PBXGroup;
			children = (
				8BFDB65C1C75187800C94996 /* Extensions */,
				8BFDB6A51C75B4B200C94996 /* Models */,
				8B840E651C904F3300D85781 /* Protocols */,
				8B1447811C722F5E00043657 /* ZamzamConfig.swift */,
				8B1447821C722F5E00043657 /* ZamzamConstants.swift */,
				8B1447F71C7258E500043657 /* ZamzamKit.h */,
				8B1448411C725BFE00043657 /* Info-iOS.plist */,
				8B1448441C725BFE00043657 /* Info-watchOS.plist */,
				8B1448431C725BFE00043657 /* Info-tvOS.plist */,
			);
			path = Sources;
			sourceTree = "<group>";
		};
		8B14476A1C722D3900043657 /* Metadata */ = {
			isa = PBXGroup;
			children = (
				8B14476B1C722D5700043657 /* ZamzamKit.podspec */,
				8B1447AB1C72508400043657 /* Cartfile */,
				8B1447AD1C7250EF00043657 /* Cartfile.private */,
				8B14476C1C722D5700043657 /* LICENSE */,
				8B14476D1C722D5700043657 /* README.md */,
			);
			name = Metadata;
			sourceTree = "<group>";
		};
		8B1447B51C7253B100043657 /* Frameworks */ = {
			isa = PBXGroup;
			children = (
				8BE19B581C72D8FF00D4D437 /* Timepiece.xcodeproj */,
				8B1447B31C72539600043657 /* Timepiece.framework */,
			);
			name = Frameworks;
			sourceTree = "<group>";
		};
		8B840E651C904F3300D85781 /* Protocols */ = {
			isa = PBXGroup;
			children = (
				8B840E5F1C904F1D00D85781 /* ViewControllerLocatable.swift */,
			);
			path = Protocols;
			sourceTree = "<group>";
		};
		8BE19B091C72D6DF00D4D437 /* ZamzamKit iOSTests */ = {
			isa = PBXGroup;
			children = (
				8BFDB69E1C75B16900C94996 /* ZamzamKit.playground */,
				8BFDB6941C75388F00C94996 /* Extensions */,
				8B2DE3ED1C8A90AF008F1569 /* Settings.bundle */,
				8B2DE3EE1C8A90AF008F1569 /* Settings.plist */,
				8BE19B0C1C72D6DF00D4D437 /* Info.plist */,
			);
			path = "ZamzamKit iOSTests";
			sourceTree = "<group>";
		};
		8BE19B181C72D6F200D4D437 /* ZamzamKit tvOSTests */ = {
			isa = PBXGroup;
			children = (
				8BE19B191C72D6F200D4D437 /* ZamzamKit_tvOSTests.swift */,
				8BE19B1B1C72D6F200D4D437 /* Info.plist */,
			);
			path = "ZamzamKit tvOSTests";
			sourceTree = "<group>";
		};
		8BE19B591C72D8FF00D4D437 /* Products */ = {
			isa = PBXGroup;
			children = (
				8BE19B611C72D8FF00D4D437 /* Timepiece.framework */,
				8BE19B631C72D8FF00D4D437 /* Timepiece.framework */,
				8BE19B651C72D8FF00D4D437 /* Timepiece.framework */,
				8BE19B671C72D8FF00D4D437 /* Timepiece iOS Tests.xctest */,
				8BE19B691C72D8FF00D4D437 /* Timepiece OSX Tests.xctest */,
			);
			name = Products;
			sourceTree = "<group>";
		};
		8BFDB65C1C75187800C94996 /* Extensions */ = {
			isa = PBXGroup;
			children = (
				8BFDB6751C751E9300C94996 /* watchOS */,
				8BFDB6741C751E8E00C94996 /* iOS */,
				8BD5086A1C99DD1E00AE205E /* Array.swift */,
				8BFDB67C1C7525BD00C94996 /* CLLocation.swift */,
				8B7A40291C76245200A0077D /* CLLocationManager.swift */,
				8BD508751C99E18500AE205E /* CollectionType.swift */,
				8B2DE3E01C8A86B2008F1569 /* NSBundle.swift */,
				8BFDB6561C75187200C94996 /* NSDate.swift */,
				8BFDB68E1C75323900C94996 /* NSDateFormatter.swift */,
				8BFDB6761C751F2300C94996 /* NSFileManager.swift */,
				8BFDB6631C751AE600C94996 /* NSURLComponents.swift */,
				8BE814FC1C7842DC005F23CE /* SequenceType.swift */,
				8BFDB65D1C7518F800C94996 /* String.swift */,
			);
			name = Extensions;
			sourceTree = "<group>";
		};
		8BFDB6741C751E8E00C94996 /* iOS */ = {
			isa = PBXGroup;
			children = (
				8BFDB68B1C752C5C00C94996 /* UIApplication.swift */,
				8BE814F41C784233005F23CE /* UIColor.swift */,
				8BFDB66F1C751DF600C94996 /* UIImageView.swift */,
				8BFDB6881C7529AB00C94996 /* UILocalNotification.swift */,
				8BFDB6691C751D3400C94996 /* UIViewController.swift */,
			);
			name = iOS;
			sourceTree = "<group>";
		};
		8BFDB6751C751E9300C94996 /* watchOS */ = {
			isa = PBXGroup;
			children = (
				8BFDB6721C751E4F00C94996 /* WKInterfaceGroup.swift */,
			);
			name = watchOS;
			sourceTree = "<group>";
		};
		8BFDB6941C75388F00C94996 /* Extensions */ = {
			isa = PBXGroup;
			children = (
				8BE19B271C72D71F00D4D437 /* DateTimeTests.swift */,
				8BE19B231C72D71F00D4D437 /* FileTests.swift */,
				8BFDB69C1C755A5300C94996 /* LocationTests.swift */,
				8B2DE3EB1C8A8F79008F1569 /* NSBundleTests.swift */,
				8BE19B251C72D71F00D4D437 /* StorageTests.swift */,
				8BE19B281C72D71F00D4D437 /* StringTests.swift */,
				8BE19B291C72D71F00D4D437 /* WebTests.swift */,
			);
			name = Extensions;
			sourceTree = "<group>";
		};
		8BFDB6A51C75B4B200C94996 /* Models */ = {
			isa = PBXGroup;
			children = (
				8BFDB69F1C75B4A600C94996 /* LocationMeta.swift */,
			);
			name = Models;
			sourceTree = "<group>";
		};
/* End PBXGroup section */

/* Begin PBXHeadersBuildPhase section */
		8B1447C51C72577900043657 /* Headers */ = {
			isa = PBXHeadersBuildPhase;
			buildActionMask = 2147483647;
			files = (
				8B1447F81C7258E500043657 /* ZamzamKit.h in Headers */,
			);
			runOnlyForDeploymentPostprocessing = 0;
		};
		8B1447D21C7257D600043657 /* Headers */ = {
			isa = PBXHeadersBuildPhase;
			buildActionMask = 2147483647;
			files = (
				8B1447F91C7258E500043657 /* ZamzamKit.h in Headers */,
			);
			runOnlyForDeploymentPostprocessing = 0;
		};
		8B1447DF1C7257F100043657 /* Headers */ = {
			isa = PBXHeadersBuildPhase;
			buildActionMask = 2147483647;
			files = (
				8B1447FA1C7258E500043657 /* ZamzamKit.h in Headers */,
			);
			runOnlyForDeploymentPostprocessing = 0;
		};
/* End PBXHeadersBuildPhase section */

/* Begin PBXNativeTarget section */
		8B1447C71C72577900043657 /* ZamzamKit iOS */ = {
			isa = PBXNativeTarget;
			buildConfigurationList = 8B1447CD1C72577900043657 /* Build configuration list for PBXNativeTarget "ZamzamKit iOS" */;
			buildPhases = (
				8B1447C31C72577900043657 /* Sources */,
				8B1447C41C72577900043657 /* Frameworks */,
				8B1447C51C72577900043657 /* Headers */,
				8B1447C61C72577900043657 /* Resources */,
			);
			buildRules = (
			);
			dependencies = (
			);
			name = "ZamzamKit iOS";
			productName = "ZamzamKit iOS";
			productReference = 8B1447C81C72577900043657 /* ZamzamKit.framework */;
			productType = "com.apple.product-type.framework";
		};
		8B1447D41C7257D600043657 /* ZamzamKit watchOS */ = {
			isa = PBXNativeTarget;
			buildConfigurationList = 8B1447DA1C7257D600043657 /* Build configuration list for PBXNativeTarget "ZamzamKit watchOS" */;
			buildPhases = (
				8B1447D01C7257D600043657 /* Sources */,
				8B1447D11C7257D600043657 /* Frameworks */,
				8B1447D21C7257D600043657 /* Headers */,
				8B1447D31C7257D600043657 /* Resources */,
			);
			buildRules = (
			);
			dependencies = (
			);
			name = "ZamzamKit watchOS";
			productName = "ZamzamKit watchOS";
			productReference = 8B1447D51C7257D600043657 /* ZamzamKit.framework */;
			productType = "com.apple.product-type.framework";
		};
		8B1447E11C7257F100043657 /* ZamzamKit tvOS */ = {
			isa = PBXNativeTarget;
			buildConfigurationList = 8B1447E71C7257F100043657 /* Build configuration list for PBXNativeTarget "ZamzamKit tvOS" */;
			buildPhases = (
				8B1447DD1C7257F100043657 /* Sources */,
				8B1447DE1C7257F100043657 /* Frameworks */,
				8B1447DF1C7257F100043657 /* Headers */,
				8B1447E01C7257F100043657 /* Resources */,
			);
			buildRules = (
			);
			dependencies = (
			);
			name = "ZamzamKit tvOS";
			productName = "ZamzamKit tvOS";
			productReference = 8B1447E21C7257F100043657 /* ZamzamKit.framework */;
			productType = "com.apple.product-type.framework";
		};
		8BE19B071C72D6DF00D4D437 /* ZamzamKit iOSTests */ = {
			isa = PBXNativeTarget;
			buildConfigurationList = 8BE19B121C72D6DF00D4D437 /* Build configuration list for PBXNativeTarget "ZamzamKit iOSTests" */;
			buildPhases = (
				8BE19B041C72D6DF00D4D437 /* Sources */,
				8BE19B051C72D6DF00D4D437 /* Frameworks */,
				8BE19B061C72D6DF00D4D437 /* Resources */,
			);
			buildRules = (
			);
			dependencies = (
				8BE19B0F1C72D6DF00D4D437 /* PBXTargetDependency */,
			);
			name = "ZamzamKit iOSTests";
			productName = "ZamzamKit iOSTests";
			productReference = 8BE19B081C72D6DF00D4D437 /* ZamzamKit iOSTests.xctest */;
			productType = "com.apple.product-type.bundle.unit-test";
		};
		8BE19B161C72D6F200D4D437 /* ZamzamKit tvOSTests */ = {
			isa = PBXNativeTarget;
			buildConfigurationList = 8BE19B1F1C72D6F200D4D437 /* Build configuration list for PBXNativeTarget "ZamzamKit tvOSTests" */;
			buildPhases = (
				8BE19B131C72D6F200D4D437 /* Sources */,
				8BE19B141C72D6F200D4D437 /* Frameworks */,
				8BE19B151C72D6F200D4D437 /* Resources */,
			);
			buildRules = (
			);
			dependencies = (
				8BE19B1E1C72D6F200D4D437 /* PBXTargetDependency */,
			);
			name = "ZamzamKit tvOSTests";
			productName = "ZamzamKit tvOSTests";
			productReference = 8BE19B171C72D6F200D4D437 /* ZamzamKit tvOSTests.xctest */;
			productType = "com.apple.product-type.bundle.unit-test";
		};
/* End PBXNativeTarget section */

/* Begin PBXProject section */
		8B1447461C72237E00043657 /* Project object */ = {
			isa = PBXProject;
			attributes = {
				LastSwiftUpdateCheck = 0720;
				LastUpgradeCheck = 0720;
				ORGANIZATIONNAME = Zamzam;
				TargetAttributes = {
					8B1447C71C72577900043657 = {
						CreatedOnToolsVersion = 7.2.1;
					};
					8B1447D41C7257D600043657 = {
						CreatedOnToolsVersion = 7.2.1;
					};
					8B1447E11C7257F100043657 = {
						CreatedOnToolsVersion = 7.2.1;
					};
					8BE19B071C72D6DF00D4D437 = {
						CreatedOnToolsVersion = 7.2.1;
					};
					8BE19B161C72D6F200D4D437 = {
						CreatedOnToolsVersion = 7.2.1;
					};
				};
			};
			buildConfigurationList = 8B1447491C72237E00043657 /* Build configuration list for PBXProject "ZamzamKit" */;
			compatibilityVersion = "Xcode 3.2";
			developmentRegion = English;
			hasScannedForEncodings = 0;
			knownRegions = (
				en,
			);
			mainGroup = 8B1447451C72237E00043657;
			productRefGroup = 8B1447501C72237E00043657 /* Products */;
			projectDirPath = "";
			projectReferences = (
				{
					ProductGroup = 8BE19B591C72D8FF00D4D437 /* Products */;
					ProjectRef = 8BE19B581C72D8FF00D4D437 /* Timepiece.xcodeproj */;
				},
			);
			projectRoot = "";
			targets = (
				8B1447C71C72577900043657 /* ZamzamKit iOS */,
				8B1447D41C7257D600043657 /* ZamzamKit watchOS */,
				8B1447E11C7257F100043657 /* ZamzamKit tvOS */,
				8BE19B071C72D6DF00D4D437 /* ZamzamKit iOSTests */,
				8BE19B161C72D6F200D4D437 /* ZamzamKit tvOSTests */,
			);
		};
/* End PBXProject section */

/* Begin PBXReferenceProxy section */
		8BE19B611C72D8FF00D4D437 /* Timepiece.framework */ = {
			isa = PBXReferenceProxy;
			fileType = wrapper.framework;
			path = Timepiece.framework;
			remoteRef = 8BE19B601C72D8FF00D4D437 /* PBXContainerItemProxy */;
			sourceTree = BUILT_PRODUCTS_DIR;
		};
		8BE19B631C72D8FF00D4D437 /* Timepiece.framework */ = {
			isa = PBXReferenceProxy;
			fileType = wrapper.framework;
			path = Timepiece.framework;
			remoteRef = 8BE19B621C72D8FF00D4D437 /* PBXContainerItemProxy */;
			sourceTree = BUILT_PRODUCTS_DIR;
		};
		8BE19B651C72D8FF00D4D437 /* Timepiece.framework */ = {
			isa = PBXReferenceProxy;
			fileType = wrapper.framework;
			path = Timepiece.framework;
			remoteRef = 8BE19B641C72D8FF00D4D437 /* PBXContainerItemProxy */;
			sourceTree = BUILT_PRODUCTS_DIR;
		};
		8BE19B671C72D8FF00D4D437 /* Timepiece iOS Tests.xctest */ = {
			isa = PBXReferenceProxy;
			fileType = wrapper.cfbundle;
			path = "Timepiece iOS Tests.xctest";
			remoteRef = 8BE19B661C72D8FF00D4D437 /* PBXContainerItemProxy */;
			sourceTree = BUILT_PRODUCTS_DIR;
		};
		8BE19B691C72D8FF00D4D437 /* Timepiece OSX Tests.xctest */ = {
			isa = PBXReferenceProxy;
			fileType = wrapper.cfbundle;
			path = "Timepiece OSX Tests.xctest";
			remoteRef = 8BE19B681C72D8FF00D4D437 /* PBXContainerItemProxy */;
			sourceTree = BUILT_PRODUCTS_DIR;
		};
/* End PBXReferenceProxy section */

/* Begin PBXResourcesBuildPhase section */
		8B1447C61C72577900043657 /* Resources */ = {
			isa = PBXResourcesBuildPhase;
			buildActionMask = 2147483647;
			files = (
			);
			runOnlyForDeploymentPostprocessing = 0;
		};
		8B1447D31C7257D600043657 /* Resources */ = {
			isa = PBXResourcesBuildPhase;
			buildActionMask = 2147483647;
			files = (
			);
			runOnlyForDeploymentPostprocessing = 0;
		};
		8B1447E01C7257F100043657 /* Resources */ = {
			isa = PBXResourcesBuildPhase;
			buildActionMask = 2147483647;
			files = (
			);
			runOnlyForDeploymentPostprocessing = 0;
		};
		8BE19B061C72D6DF00D4D437 /* Resources */ = {
			isa = PBXResourcesBuildPhase;
			buildActionMask = 2147483647;
			files = (
				8B2DE3EF1C8A90AF008F1569 /* Settings.bundle in Resources */,
				8B2DE3F01C8A90AF008F1569 /* Settings.plist in Resources */,
			);
			runOnlyForDeploymentPostprocessing = 0;
		};
		8BE19B151C72D6F200D4D437 /* Resources */ = {
			isa = PBXResourcesBuildPhase;
			buildActionMask = 2147483647;
			files = (
			);
			runOnlyForDeploymentPostprocessing = 0;
		};
/* End PBXResourcesBuildPhase section */

/* Begin PBXSourcesBuildPhase section */
		8B1447C31C72577900043657 /* Sources */ = {
			isa = PBXSourcesBuildPhase;
			buildActionMask = 2147483647;
			files = (
				8BFDB68C1C752C5C00C94996 /* UIApplication.swift in Sources */,
				8BFDB6701C751DF600C94996 /* UIImageView.swift in Sources */,
				8BFDB67D1C7525BD00C94996 /* CLLocation.swift in Sources */,
				8BFDB6A01C75B4A600C94996 /* LocationMeta.swift in Sources */,
				8B840E601C904F1D00D85781 /* ViewControllerLocatable.swift in Sources */,
				8BD508761C99E18500AE205E /* CollectionType.swift in Sources */,
				8BFDB68F1C75323900C94996 /* NSDateFormatter.swift in Sources */,
				8BE814F51C784233005F23CE /* UIColor.swift in Sources */,
				8B2DE3E11C8A86B2008F1569 /* NSBundle.swift in Sources */,
				8BFDB6571C75187200C94996 /* NSDate.swift in Sources */,
				8BD5086B1C99DD1E00AE205E /* Array.swift in Sources */,
				8BFDB6771C751F2300C94996 /* NSFileManager.swift in Sources */,
				8BFDB6891C7529AB00C94996 /* UILocalNotification.swift in Sources */,
				8B1448051C7258F700043657 /* ZamzamConfig.swift in Sources */,
				8BFDB6641C751AE600C94996 /* NSURLComponents.swift in Sources */,
				8BFDB65E1C7518F800C94996 /* String.swift in Sources */,
				8B7A402A1C76245200A0077D /* CLLocationManager.swift in Sources */,
				8B1448061C7258F700043657 /* ZamzamConstants.swift in Sources */,
				8BE814FD1C7842DC005F23CE /* SequenceType.swift in Sources */,
				8BFDB66A1C751D3400C94996 /* UIViewController.swift in Sources */,
			);
			runOnlyForDeploymentPostprocessing = 0;
		};
		8B1447D01C7257D600043657 /* Sources */ = {
			isa = PBXSourcesBuildPhase;
			buildActionMask = 2147483647;
			files = (
				8BFDB6581C75187200C94996 /* NSDate.swift in Sources */,
				8BE814FE1C7842DC005F23CE /* SequenceType.swift in Sources */,
				8BFDB67E1C7525BD00C94996 /* CLLocation.swift in Sources */,
				8B1448021C7258F600043657 /* ZamzamConfig.swift in Sources */,
				8BFDB6901C75323900C94996 /* NSDateFormatter.swift in Sources */,
				8BFDB6651C751AE600C94996 /* NSURLComponents.swift in Sources */,
				8BD5086C1C99DD1E00AE205E /* Array.swift in Sources */,
				8B7A402B1C76245200A0077D /* CLLocationManager.swift in Sources */,
				8BFDB6781C751F2300C94996 /* NSFileManager.swift in Sources */,
				8B2DE3E21C8A86B2008F1569 /* NSBundle.swift in Sources */,
				8BFDB65F1C7518F800C94996 /* String.swift in Sources */,
				8B840E611C904F1D00D85781 /* ViewControllerLocatable.swift in Sources */,
				8BFDB6A11C75B4A600C94996 /* LocationMeta.swift in Sources */,
				8BD508771C99E18500AE205E /* CollectionType.swift in Sources */,
				8BFDB6731C751E4F00C94996 /* WKInterfaceGroup.swift in Sources */,
				8B1448031C7258F600043657 /* ZamzamConstants.swift in Sources */,
			);
			runOnlyForDeploymentPostprocessing = 0;
		};
		8B1447DD1C7257F100043657 /* Sources */ = {
			isa = PBXSourcesBuildPhase;
			buildActionMask = 2147483647;
			files = (
				8B2DE3E31C8A86B2008F1569 /* NSBundle.swift in Sources */,
				8BFDB6591C75187200C94996 /* NSDate.swift in Sources */,
				8BFDB67F1C7525BD00C94996 /* CLLocation.swift in Sources */,
				8B1447FF1C7258F500043657 /* ZamzamConfig.swift in Sources */,
				8BFDB6661C751AE600C94996 /* NSURLComponents.swift in Sources */,
				8BD508781C99E18500AE205E /* CollectionType.swift in Sources */,
				8BFDB6911C75323900C94996 /* NSDateFormatter.swift in Sources */,
				8BFDB6601C7518F800C94996 /* String.swift in Sources */,
				8BFDB6A21C75B4A600C94996 /* LocationMeta.swift in Sources */,
				8BE814FF1C7842DC005F23CE /* SequenceType.swift in Sources */,
				8BD5086D1C99DD1E00AE205E /* Array.swift in Sources */,
				8B7A402C1C76245200A0077D /* CLLocationManager.swift in Sources */,
				8BFDB6791C751F2300C94996 /* NSFileManager.swift in Sources */,
				8B840E621C904F1D00D85781 /* ViewControllerLocatable.swift in Sources */,
				8B1448001C7258F500043657 /* ZamzamConstants.swift in Sources */,
			);
			runOnlyForDeploymentPostprocessing = 0;
		};
		8BE19B041C72D6DF00D4D437 /* Sources */ = {
			isa = PBXSourcesBuildPhase;
			buildActionMask = 2147483647;
			files = (
				8BE19B3B1C72D83A00D4D437 /* ZamzamConstants.swift in Sources */,
				8BE19B2E1C72D71F00D4D437 /* StringTests.swift in Sources */,
				8BFDB6671C751AE600C94996 /* NSURLComponents.swift in Sources */,
				8B2DE3EC1C8A8F79008F1569 /* NSBundleTests.swift in Sources */,
				8B840E631C904F1D00D85781 /* ViewControllerLocatable.swift in Sources */,
				8BFDB67A1C751F2300C94996 /* NSFileManager.swift in Sources */,
				8BFDB6801C7525BD00C94996 /* CLLocation.swift in Sources */,
				8BFDB6921C75323900C94996 /* NSDateFormatter.swift in Sources */,
				8BE19B2D1C72D71F00D4D437 /* DateTimeTests.swift in Sources */,
				8BD5086E1C99DD1E00AE205E /* Array.swift in Sources */,
				8BE814F61C784233005F23CE /* UIColor.swift in Sources */,
				8BE19B3A1C72D83A00D4D437 /* ZamzamConfig.swift in Sources */,
				8B7A402D1C76245200A0077D /* CLLocationManager.swift in Sources */,
				8BFDB68D1C752C5C00C94996 /* UIApplication.swift in Sources */,
				8BD508791C99E18500AE205E /* CollectionType.swift in Sources */,
				8BE19B2F1C72D71F00D4D437 /* WebTests.swift in Sources */,
				8B2DE3E41C8A86B2008F1569 /* NSBundle.swift in Sources */,
				8BFDB69D1C755A5300C94996 /* LocationTests.swift in Sources */,
				8BE19B2C1C72D71F00D4D437 /* StorageTests.swift in Sources */,
				8BFDB6611C7518F800C94996 /* String.swift in Sources */,
				8BFDB66D1C751D3400C94996 /* UIViewController.swift in Sources */,
				8BE19B2A1C72D71F00D4D437 /* FileTests.swift in Sources */,
				8BE815001C7842DC005F23CE /* SequenceType.swift in Sources */,
				8BFDB6711C751DF600C94996 /* UIImageView.swift in Sources */,
				8BFDB6A31C75B4A600C94996 /* LocationMeta.swift in Sources */,
				8BFDB68A1C7529AB00C94996 /* UILocalNotification.swift in Sources */,
				8BFDB65A1C75187200C94996 /* NSDate.swift in Sources */,
			);
			runOnlyForDeploymentPostprocessing = 0;
		};
		8BE19B131C72D6F200D4D437 /* Sources */ = {
			isa = PBXSourcesBuildPhase;
			buildActionMask = 2147483647;
			files = (
				8BFDB6621C7518F800C94996 /* String.swift in Sources */,
				8BE815011C7842DC005F23CE /* SequenceType.swift in Sources */,
				8BE19B471C72D83B00D4D437 /* ZamzamConfig.swift in Sources */,
				8BFDB6811C7525BD00C94996 /* CLLocation.swift in Sources */,
				8BFDB6931C75323900C94996 /* NSDateFormatter.swift in Sources */,
				8BFDB65B1C75187200C94996 /* NSDate.swift in Sources */,
				8BD5086F1C99DD1E00AE205E /* Array.swift in Sources */,
				8B7A402E1C76245200A0077D /* CLLocationManager.swift in Sources */,
				8BFDB67B1C751F2300C94996 /* NSFileManager.swift in Sources */,
				8B2DE3E51C8A86B2008F1569 /* NSBundle.swift in Sources */,
				8BE19B1A1C72D6F200D4D437 /* ZamzamKit_tvOSTests.swift in Sources */,
				8B840E641C904F1D00D85781 /* ViewControllerLocatable.swift in Sources */,
				8BFDB6A41C75B4A600C94996 /* LocationMeta.swift in Sources */,
				8BD5087A1C99E18500AE205E /* CollectionType.swift in Sources */,
				8BFDB6681C751AE600C94996 /* NSURLComponents.swift in Sources */,
				8BE19B481C72D83B00D4D437 /* ZamzamConstants.swift in Sources */,
			);
			runOnlyForDeploymentPostprocessing = 0;
		};
/* End PBXSourcesBuildPhase section */

/* Begin PBXTargetDependency section */
		8BE19B0F1C72D6DF00D4D437 /* PBXTargetDependency */ = {
			isa = PBXTargetDependency;
			target = 8B1447C71C72577900043657 /* ZamzamKit iOS */;
			targetProxy = 8BE19B0E1C72D6DF00D4D437 /* PBXContainerItemProxy */;
		};
		8BE19B1E1C72D6F200D4D437 /* PBXTargetDependency */ = {
			isa = PBXTargetDependency;
			target = 8B1447E11C7257F100043657 /* ZamzamKit tvOS */;
			targetProxy = 8BE19B1D1C72D6F200D4D437 /* PBXContainerItemProxy */;
		};
/* End PBXTargetDependency section */

/* Begin XCBuildConfiguration section */
		8B1447611C72237E00043657 /* Debug */ = {
			isa = XCBuildConfiguration;
			buildSettings = {
				ALWAYS_SEARCH_USER_PATHS = NO;
				CLANG_CXX_LANGUAGE_STANDARD = "gnu++0x";
				CLANG_CXX_LIBRARY = "libc++";
				CLANG_ENABLE_MODULES = YES;
				CLANG_ENABLE_OBJC_ARC = YES;
				CLANG_WARN_BOOL_CONVERSION = YES;
				CLANG_WARN_CONSTANT_CONVERSION = YES;
				CLANG_WARN_DIRECT_OBJC_ISA_USAGE = YES_ERROR;
				CLANG_WARN_EMPTY_BODY = YES;
				CLANG_WARN_ENUM_CONVERSION = YES;
				CLANG_WARN_INT_CONVERSION = YES;
				CLANG_WARN_OBJC_ROOT_CLASS = YES_ERROR;
				CLANG_WARN_UNREACHABLE_CODE = YES;
				CLANG_WARN__DUPLICATE_METHOD_MATCH = YES;
				"CODE_SIGN_IDENTITY[sdk=iphoneos*]" = "iPhone Developer";
				COPY_PHASE_STRIP = NO;
				CURRENT_PROJECT_VERSION = 1;
				DEBUG_INFORMATION_FORMAT = dwarf;
				ENABLE_STRICT_OBJC_MSGSEND = YES;
				ENABLE_TESTABILITY = YES;
				GCC_C_LANGUAGE_STANDARD = gnu99;
				GCC_DYNAMIC_NO_PIC = NO;
				GCC_NO_COMMON_BLOCKS = YES;
				GCC_OPTIMIZATION_LEVEL = 0;
				GCC_PREPROCESSOR_DEFINITIONS = (
					"DEBUG=1",
					"$(inherited)",
				);
				GCC_WARN_64_TO_32_BIT_CONVERSION = YES;
				GCC_WARN_ABOUT_RETURN_TYPE = YES_ERROR;
				GCC_WARN_UNDECLARED_SELECTOR = YES;
				GCC_WARN_UNINITIALIZED_AUTOS = YES_AGGRESSIVE;
				GCC_WARN_UNUSED_FUNCTION = YES;
				GCC_WARN_UNUSED_VARIABLE = YES;
				IPHONEOS_DEPLOYMENT_TARGET = 8.4;
				MTL_ENABLE_DEBUG_INFO = YES;
				ONLY_ACTIVE_ARCH = YES;
				SDKROOT = iphoneos;
				SWIFT_OPTIMIZATION_LEVEL = "-Onone";
				TARGETED_DEVICE_FAMILY = "1,2";
				VERSIONING_SYSTEM = "apple-generic";
				VERSION_INFO_PREFIX = "";
			};
			name = Debug;
		};
		8B1447621C72237E00043657 /* Release */ = {
			isa = XCBuildConfiguration;
			buildSettings = {
				ALWAYS_SEARCH_USER_PATHS = NO;
				CLANG_CXX_LANGUAGE_STANDARD = "gnu++0x";
				CLANG_CXX_LIBRARY = "libc++";
				CLANG_ENABLE_MODULES = YES;
				CLANG_ENABLE_OBJC_ARC = YES;
				CLANG_WARN_BOOL_CONVERSION = YES;
				CLANG_WARN_CONSTANT_CONVERSION = YES;
				CLANG_WARN_DIRECT_OBJC_ISA_USAGE = YES_ERROR;
				CLANG_WARN_EMPTY_BODY = YES;
				CLANG_WARN_ENUM_CONVERSION = YES;
				CLANG_WARN_INT_CONVERSION = YES;
				CLANG_WARN_OBJC_ROOT_CLASS = YES_ERROR;
				CLANG_WARN_UNREACHABLE_CODE = YES;
				CLANG_WARN__DUPLICATE_METHOD_MATCH = YES;
				"CODE_SIGN_IDENTITY[sdk=iphoneos*]" = "iPhone Developer";
				COPY_PHASE_STRIP = NO;
				CURRENT_PROJECT_VERSION = 1;
				DEBUG_INFORMATION_FORMAT = "dwarf-with-dsym";
				ENABLE_NS_ASSERTIONS = NO;
				ENABLE_STRICT_OBJC_MSGSEND = YES;
				GCC_C_LANGUAGE_STANDARD = gnu99;
				GCC_NO_COMMON_BLOCKS = YES;
				GCC_WARN_64_TO_32_BIT_CONVERSION = YES;
				GCC_WARN_ABOUT_RETURN_TYPE = YES_ERROR;
				GCC_WARN_UNDECLARED_SELECTOR = YES;
				GCC_WARN_UNINITIALIZED_AUTOS = YES_AGGRESSIVE;
				GCC_WARN_UNUSED_FUNCTION = YES;
				GCC_WARN_UNUSED_VARIABLE = YES;
				IPHONEOS_DEPLOYMENT_TARGET = 8.4;
				MTL_ENABLE_DEBUG_INFO = NO;
				SDKROOT = iphoneos;
				TARGETED_DEVICE_FAMILY = "1,2";
				VALIDATE_PRODUCT = YES;
				VERSIONING_SYSTEM = "apple-generic";
				VERSION_INFO_PREFIX = "";
			};
			name = Release;
		};
		8B1447CE1C72577900043657 /* Debug */ = {
			isa = XCBuildConfiguration;
			buildSettings = {
				APPLICATION_EXTENSION_API_ONLY = YES;
				DEFINES_MODULE = YES;
				DYLIB_COMPATIBILITY_VERSION = 1;
				DYLIB_CURRENT_VERSION = 1;
				DYLIB_INSTALL_NAME_BASE = "@rpath";
				INFOPLIST_FILE = "Sources/Info-iOS.plist";
				INSTALL_PATH = "$(LOCAL_LIBRARY_DIR)/Frameworks";
				IPHONEOS_DEPLOYMENT_TARGET = 8.4;
				LD_RUNPATH_SEARCH_PATHS = "$(inherited) @executable_path/Frameworks @loader_path/Frameworks";
				PRODUCT_BUNDLE_IDENTIFIER = "io.zamzam.ZamzamKit-iOS";
				PRODUCT_NAME = ZamzamKit;
				SKIP_INSTALL = YES;
			};
			name = Debug;
		};
		8B1447CF1C72577900043657 /* Release */ = {
			isa = XCBuildConfiguration;
			buildSettings = {
				APPLICATION_EXTENSION_API_ONLY = YES;
				DEFINES_MODULE = YES;
				DYLIB_COMPATIBILITY_VERSION = 1;
				DYLIB_CURRENT_VERSION = 1;
				DYLIB_INSTALL_NAME_BASE = "@rpath";
				INFOPLIST_FILE = "Sources/Info-iOS.plist";
				INSTALL_PATH = "$(LOCAL_LIBRARY_DIR)/Frameworks";
				IPHONEOS_DEPLOYMENT_TARGET = 8.4;
				LD_RUNPATH_SEARCH_PATHS = "$(inherited) @executable_path/Frameworks @loader_path/Frameworks";
				PRODUCT_BUNDLE_IDENTIFIER = "io.zamzam.ZamzamKit-iOS";
				PRODUCT_NAME = ZamzamKit;
				SKIP_INSTALL = YES;
			};
			name = Release;
		};
		8B1447DB1C7257D600043657 /* Debug */ = {
			isa = XCBuildConfiguration;
			buildSettings = {
				APPLICATION_EXTENSION_API_ONLY = YES;
				DEFINES_MODULE = YES;
				DYLIB_COMPATIBILITY_VERSION = 1;
				DYLIB_CURRENT_VERSION = 1;
				DYLIB_INSTALL_NAME_BASE = "@rpath";
				INFOPLIST_FILE = "Sources/Info-watchOS.plist";
				INSTALL_PATH = "$(LOCAL_LIBRARY_DIR)/Frameworks";
				IPHONEOS_DEPLOYMENT_TARGET = 8.4;
				LD_RUNPATH_SEARCH_PATHS = "$(inherited) @executable_path/Frameworks @loader_path/Frameworks";
				PRODUCT_BUNDLE_IDENTIFIER = "io.zamzam.ZamzamKit-watchOS";
				PRODUCT_NAME = ZamzamKit;
				SDKROOT = watchos;
				SKIP_INSTALL = YES;
				TARGETED_DEVICE_FAMILY = 4;
				WATCHOS_DEPLOYMENT_TARGET = 2.0;
			};
			name = Debug;
		};
		8B1447DC1C7257D600043657 /* Release */ = {
			isa = XCBuildConfiguration;
			buildSettings = {
				APPLICATION_EXTENSION_API_ONLY = YES;
				DEFINES_MODULE = YES;
				DYLIB_COMPATIBILITY_VERSION = 1;
				DYLIB_CURRENT_VERSION = 1;
				DYLIB_INSTALL_NAME_BASE = "@rpath";
				INFOPLIST_FILE = "Sources/Info-watchOS.plist";
				INSTALL_PATH = "$(LOCAL_LIBRARY_DIR)/Frameworks";
				IPHONEOS_DEPLOYMENT_TARGET = 8.4;
				LD_RUNPATH_SEARCH_PATHS = "$(inherited) @executable_path/Frameworks @loader_path/Frameworks";
				PRODUCT_BUNDLE_IDENTIFIER = "io.zamzam.ZamzamKit-watchOS";
				PRODUCT_NAME = ZamzamKit;
				SDKROOT = watchos;
				SKIP_INSTALL = YES;
				TARGETED_DEVICE_FAMILY = 4;
				WATCHOS_DEPLOYMENT_TARGET = 2.0;
			};
			name = Release;
		};
		8B1447E81C7257F100043657 /* Debug */ = {
			isa = XCBuildConfiguration;
			buildSettings = {
				APPLICATION_EXTENSION_API_ONLY = YES;
				DEFINES_MODULE = YES;
				DYLIB_COMPATIBILITY_VERSION = 1;
				DYLIB_CURRENT_VERSION = 1;
				DYLIB_INSTALL_NAME_BASE = "@rpath";
				INFOPLIST_FILE = "Sources/Info-tvOS.plist";
				INSTALL_PATH = "$(LOCAL_LIBRARY_DIR)/Frameworks";
				IPHONEOS_DEPLOYMENT_TARGET = 8.4;
				LD_RUNPATH_SEARCH_PATHS = "$(inherited) @executable_path/Frameworks @loader_path/Frameworks";
				PRODUCT_BUNDLE_IDENTIFIER = "io.zamzam.ZamzamKit-tvOS";
				PRODUCT_NAME = ZamzamKit;
				SDKROOT = appletvos;
				SKIP_INSTALL = YES;
				TARGETED_DEVICE_FAMILY = 3;
				TVOS_DEPLOYMENT_TARGET = 9.0;
			};
			name = Debug;
		};
		8B1447E91C7257F100043657 /* Release */ = {
			isa = XCBuildConfiguration;
			buildSettings = {
				APPLICATION_EXTENSION_API_ONLY = YES;
				DEFINES_MODULE = YES;
				DYLIB_COMPATIBILITY_VERSION = 1;
				DYLIB_CURRENT_VERSION = 1;
				DYLIB_INSTALL_NAME_BASE = "@rpath";
				INFOPLIST_FILE = "Sources/Info-tvOS.plist";
				INSTALL_PATH = "$(LOCAL_LIBRARY_DIR)/Frameworks";
				IPHONEOS_DEPLOYMENT_TARGET = 8.4;
				LD_RUNPATH_SEARCH_PATHS = "$(inherited) @executable_path/Frameworks @loader_path/Frameworks";
				PRODUCT_BUNDLE_IDENTIFIER = "io.zamzam.ZamzamKit-tvOS";
				PRODUCT_NAME = ZamzamKit;
				SDKROOT = appletvos;
				SKIP_INSTALL = YES;
				TARGETED_DEVICE_FAMILY = 3;
				TVOS_DEPLOYMENT_TARGET = 9.0;
			};
			name = Release;
		};
		8BE19B101C72D6DF00D4D437 /* Debug */ = {
			isa = XCBuildConfiguration;
			buildSettings = {
				INFOPLIST_FILE = "ZamzamKit iOSTests/Info.plist";
				IPHONEOS_DEPLOYMENT_TARGET = 8.4;
				LD_RUNPATH_SEARCH_PATHS = "$(inherited) @executable_path/Frameworks @loader_path/Frameworks";
				PRODUCT_BUNDLE_IDENTIFIER = "io.zamzam.ZamzamKit-iOSTests";
				PRODUCT_NAME = "$(TARGET_NAME)";
			};
			name = Debug;
		};
		8BE19B111C72D6DF00D4D437 /* Release */ = {
			isa = XCBuildConfiguration;
			buildSettings = {
				INFOPLIST_FILE = "ZamzamKit iOSTests/Info.plist";
				IPHONEOS_DEPLOYMENT_TARGET = 8.4;
				LD_RUNPATH_SEARCH_PATHS = "$(inherited) @executable_path/Frameworks @loader_path/Frameworks";
				PRODUCT_BUNDLE_IDENTIFIER = "io.zamzam.ZamzamKit-iOSTests";
				PRODUCT_NAME = "$(TARGET_NAME)";
			};
			name = Release;
		};
		8BE19B201C72D6F200D4D437 /* Debug */ = {
			isa = XCBuildConfiguration;
			buildSettings = {
				INFOPLIST_FILE = "ZamzamKit tvOSTests/Info.plist";
				IPHONEOS_DEPLOYMENT_TARGET = 8.4;
				LD_RUNPATH_SEARCH_PATHS = "$(inherited) @executable_path/Frameworks @loader_path/Frameworks";
				PRODUCT_BUNDLE_IDENTIFIER = "io.zamzam.ZamzamKit-tvOSTests";
				PRODUCT_NAME = "$(TARGET_NAME)";
				SDKROOT = appletvos;
				TVOS_DEPLOYMENT_TARGET = 9.0;
			};
			name = Debug;
		};
		8BE19B211C72D6F200D4D437 /* Release */ = {
			isa = XCBuildConfiguration;
			buildSettings = {
				INFOPLIST_FILE = "ZamzamKit tvOSTests/Info.plist";
				IPHONEOS_DEPLOYMENT_TARGET = 8.4;
				LD_RUNPATH_SEARCH_PATHS = "$(inherited) @executable_path/Frameworks @loader_path/Frameworks";
				PRODUCT_BUNDLE_IDENTIFIER = "io.zamzam.ZamzamKit-tvOSTests";
				PRODUCT_NAME = "$(TARGET_NAME)";
				SDKROOT = appletvos;
				TVOS_DEPLOYMENT_TARGET = 9.0;
			};
			name = Release;
		};
/* End XCBuildConfiguration section */

/* Begin XCConfigurationList section */
		8B1447491C72237E00043657 /* Build configuration list for PBXProject "ZamzamKit" */ = {
			isa = XCConfigurationList;
			buildConfigurations = (
				8B1447611C72237E00043657 /* Debug */,
				8B1447621C72237E00043657 /* Release */,
			);
			defaultConfigurationIsVisible = 0;
			defaultConfigurationName = Release;
		};
		8B1447CD1C72577900043657 /* Build configuration list for PBXNativeTarget "ZamzamKit iOS" */ = {
			isa = XCConfigurationList;
			buildConfigurations = (
				8B1447CE1C72577900043657 /* Debug */,
				8B1447CF1C72577900043657 /* Release */,
			);
			defaultConfigurationIsVisible = 0;
			defaultConfigurationName = Release;
		};
		8B1447DA1C7257D600043657 /* Build configuration list for PBXNativeTarget "ZamzamKit watchOS" */ = {
			isa = XCConfigurationList;
			buildConfigurations = (
				8B1447DB1C7257D600043657 /* Debug */,
				8B1447DC1C7257D600043657 /* Release */,
			);
			defaultConfigurationIsVisible = 0;
			defaultConfigurationName = Release;
		};
		8B1447E71C7257F100043657 /* Build configuration list for PBXNativeTarget "ZamzamKit tvOS" */ = {
			isa = XCConfigurationList;
			buildConfigurations = (
				8B1447E81C7257F100043657 /* Debug */,
				8B1447E91C7257F100043657 /* Release */,
			);
			defaultConfigurationIsVisible = 0;
			defaultConfigurationName = Release;
		};
		8BE19B121C72D6DF00D4D437 /* Build configuration list for PBXNativeTarget "ZamzamKit iOSTests" */ = {
			isa = XCConfigurationList;
			buildConfigurations = (
				8BE19B101C72D6DF00D4D437 /* Debug */,
				8BE19B111C72D6DF00D4D437 /* Release */,
			);
			defaultConfigurationIsVisible = 0;
			defaultConfigurationName = Release;
		};
		8BE19B1F1C72D6F200D4D437 /* Build configuration list for PBXNativeTarget "ZamzamKit tvOSTests" */ = {
			isa = XCConfigurationList;
			buildConfigurations = (
				8BE19B201C72D6F200D4D437 /* Debug */,
				8BE19B211C72D6F200D4D437 /* Release */,
			);
			defaultConfigurationIsVisible = 0;
			defaultConfigurationName = Release;
		};
/* End XCConfigurationList section */
	};
	rootObject = 8B1447461C72237E00043657 /* Project object */;
}
