{
  "object": {
    "pins": [
      {
        "package": "ZamzamCore",
        "repositoryURL": "git@github.com:ZamzamInc/ZamzamCore.git",
        "state": {
          "branch": "develop",
          "revision": "883886cfdc76bca90a8c6ae8900bdcecefc2878a",
          "version": null
        }
      }
    ]
  },
  "version": 1
}
